// !$*UTF8*$!
{
	archiveVersion = 1;
	classes = {
	};
	objectVersion = 50;
	objects = {

/* Begin PBXBuildFile section */
		BAD4F14724543D4600CC8357 /* AppDelegate.swift in Sources */ = {isa = PBXBuildFile; fileRef = BAD4F14624543D4600CC8357 /* AppDelegate.swift */; };
		BAD4F14924543D4600CC8357 /* SceneDelegate.swift in Sources */ = {isa = PBXBuildFile; fileRef = BAD4F14824543D4600CC8357 /* SceneDelegate.swift */; };
		BAD4F14B24543D4600CC8357 /* ViewController.swift in Sources */ = {isa = PBXBuildFile; fileRef = BAD4F14A24543D4600CC8357 /* ViewController.swift */; };
		BAD4F14E24543D4600CC8357 /* Main.storyboard in Resources */ = {isa = PBXBuildFile; fileRef = BAD4F14C24543D4600CC8357 /* Main.storyboard */; };
		BAD4F15024543D4800CC8357 /* Assets.xcassets in Resources */ = {isa = PBXBuildFile; fileRef = BAD4F14F24543D4800CC8357 /* Assets.xcassets */; };
		BAD4F15324543D4800CC8357 /* LaunchScreen.storyboard in Resources */ = {isa = PBXBuildFile; fileRef = BAD4F15124543D4800CC8357 /* LaunchScreen.storyboard */; };
		BAD4F15E2454429900CC8357 /* TVCDemo.swift in Sources */ = {isa = PBXBuildFile; fileRef = BAD4F15C2454429900CC8357 /* TVCDemo.swift */; };
		BAD4F15F2454429900CC8357 /* TVCDemo.xib in Resources */ = {isa = PBXBuildFile; fileRef = BAD4F15D2454429900CC8357 /* TVCDemo.xib */; };
/* End PBXBuildFile section */

/* Begin PBXFileReference section */
		BAD4F14324543D4600CC8357 /* example_TableView.app */ = {isa = PBXFileReference; explicitFileType = wrapper.application; includeInIndex = 0; path = example_TableView.app; sourceTree = BUILT_PRODUCTS_DIR; };
		BAD4F14624543D4600CC8357 /* AppDelegate.swift */ = {isa = PBXFileReference; lastKnownFileType = sourcecode.swift; path = AppDelegate.swift; sourceTree = "<group>"; };
		BAD4F14824543D4600CC8357 /* SceneDelegate.swift */ = {isa = PBXFileReference; lastKnownFileType = sourcecode.swift; path = SceneDelegate.swift; sourceTree = "<group>"; };
		BAD4F14A24543D4600CC8357 /* ViewController.swift */ = {isa = PBXFileReference; lastKnownFileType = sourcecode.swift; path = ViewController.swift; sourceTree = "<group>"; };
		BAD4F14D24543D4600CC8357 /* Base */ = {isa = PBXFileReference; lastKnownFileType = file.storyboard; name = Base; path = Base.lproj/Main.storyboard; sourceTree = "<group>"; };
		BAD4F14F24543D4800CC8357 /* Assets.xcassets */ = {isa = PBXFileReference; lastKnownFileType = folder.assetcatalog; path = Assets.xcassets; sourceTree = "<group>"; };
		BAD4F15224543D4800CC8357 /* Base */ = {isa = PBXFileReference; lastKnownFileType = file.storyboard; name = Base; path = Base.lproj/LaunchScreen.storyboard; sourceTree = "<group>"; };
		BAD4F15424543D4800CC8357 /* Info.plist */ = {isa = PBXFileReference; lastKnownFileType = text.plist.xml; path = Info.plist; sourceTree = "<group>"; };
		BAD4F15C2454429900CC8357 /* TVCDemo.swift */ = {isa = PBXFileReference; lastKnownFileType = sourcecode.swift; path = TVCDemo.swift; sourceTree = "<group>"; };
		BAD4F15D2454429900CC8357 /* TVCDemo.xib */ = {isa = PBXFileReference; lastKnownFileType = file.xib; path = TVCDemo.xib; sourceTree = "<group>"; };
/* End PBXFileReference section */

/* Begin PBXFrameworksBuildPhase section */
		BAD4F14024543D4600CC8357 /* Frameworks */ = {
			isa = PBXFrameworksBuildPhase;
			buildActionMask = 2147483647;
			files = (
			);
			runOnlyForDeploymentPostprocessing = 0;
		};
/* End PBXFrameworksBuildPhase section */

/* Begin PBXGroup section */
		BAD4F13A24543D4600CC8357 = {
			isa = PBXGroup;
			children = (
				BAD4F14524543D4600CC8357 /* example_TableView */,
				BAD4F14424543D4600CC8357 /* Products */,
			);
			sourceTree = "<group>";
		};
		BAD4F14424543D4600CC8357 /* Products */ = {
			isa = PBXGroup;
			children = (
				BAD4F14324543D4600CC8357 /* example_TableView.app */,
			);
			name = Products;
			sourceTree = "<group>";
		};
		BAD4F14524543D4600CC8357 /* example_TableView */ = {
			isa = PBXGroup;
			children = (
				BAD4F14624543D4600CC8357 /* AppDelegate.swift */,
				BAD4F14824543D4600CC8357 /* SceneDelegate.swift */,
				BAD4F14A24543D4600CC8357 /* ViewController.swift */,
				BAD4F14C24543D4600CC8357 /* Main.storyboard */,
				BAD4F14F24543D4800CC8357 /* Assets.xcassets */,
				BAD4F15124543D4800CC8357 /* LaunchScreen.storyboard */,
				BAD4F15424543D4800CC8357 /* Info.plist */,
				BAD4F15C2454429900CC8357 /* TVCDemo.swift */,
				BAD4F15D2454429900CC8357 /* TVCDemo.xib */,
			);
			path = example_TableView;
			sourceTree = "<group>";
		};
/* End PBXGroup section */

/* Begin PBXNativeTarget section */
		BAD4F14224543D4600CC8357 /* example_TableView */ = {
			isa = PBXNativeTarget;
			buildConfigurationList = BAD4F15724543D4800CC8357 /* Build configuration list for PBXNativeTarget "example_TableView" */;
			buildPhases = (
				BAD4F13F24543D4600CC8357 /* Sources */,
				BAD4F14024543D4600CC8357 /* Frameworks */,
				BAD4F14124543D4600CC8357 /* Resources */,
			);
			buildRules = (
			);
			dependencies = (
			);
			name = example_TableView;
			productName = example_TableView;
			productReference = BAD4F14324543D4600CC8357 /* example_TableView.app */;
			productType = "com.apple.product-type.application";
		};
/* End PBXNativeTarget section */

/* Begin PBXProject section */
		BAD4F13B24543D4600CC8357 /* Project object */ = {
			isa = PBXProject;
			attributes = {
				LastSwiftUpdateCheck = 1120;
				LastUpgradeCheck = 1120;
				ORGANIZATIONNAME = NBTech;
				TargetAttributes = {
					BAD4F14224543D4600CC8357 = {
						CreatedOnToolsVersion = 11.2.1;
					};
				};
			};
			buildConfigurationList = BAD4F13E24543D4600CC8357 /* Build configuration list for PBXProject "example_TableView" */;
			compatibilityVersion = "Xcode 9.3";
			developmentRegion = en;
			hasScannedForEncodings = 0;
			knownRegions = (
				en,
				Base,
			);
			mainGroup = BAD4F13A24543D4600CC8357;
			productRefGroup = BAD4F14424543D4600CC8357 /* Products */;
			projectDirPath = "";
			projectRoot = "";
			targets = (
				BAD4F14224543D4600CC8357 /* example_TableView */,
			);
		};
/* End PBXProject section */

/* Begin PBXResourcesBuildPhase section */
		BAD4F14124543D4600CC8357 /* Resources */ = {
			isa = PBXResourcesBuildPhase;
			buildActionMask = 2147483647;
			files = (
				BAD4F15324543D4800CC8357 /* LaunchScreen.storyboard in Resources */,
				BAD4F15024543D4800CC8357 /* Assets.xcassets in Resources */,
				BAD4F15F2454429900CC8357 /* TVCDemo.xib in Resources */,
				BAD4F14E24543D4600CC8357 /* Main.storyboard in Resources */,
			);
			runOnlyForDeploymentPostprocessing = 0;
		};
/* End PBXResourcesBuildPhase section */

/* Begin PBXSourcesBuildPhase section */
		BAD4F13F24543D4600CC8357 /* Sources */ = {
			isa = PBXSourcesBuildPhase;
			buildActionMask = 2147483647;
			files = (
				BAD4F14B24543D4600CC8357 /* ViewController.swift in Sources */,
				BAD4F14724543D4600CC8357 /* AppDelegate.swift in Sources */,
				BAD4F15E2454429900CC8357 /* TVCDemo.swift in Sources */,
				BAD4F14924543D4600CC8357 /* SceneDelegate.swift in Sources */,
			);
			runOnlyForDeploymentPostprocessing = 0;
		};
/* End PBXSourcesBuildPhase section */

/* Begin PBXVariantGroup section */
		BAD4F14C24543D4600CC8357 /* Main.storyboard */ = {
			isa = PBXVariantGroup;
			children = (
				BAD4F14D24543D4600CC8357 /* Base */,
			);
			name = Main.storyboard;
			sourceTree = "<group>";
		};
		BAD4F15124543D4800CC8357 /* LaunchScreen.storyboard */ = {
			isa = PBXVariantGroup;
			children = (
				BAD4F15224543D4800CC8357 /* Base */,
			);
			name = LaunchScreen.storyboard;
			sourceTree = "<group>";
		};
/* End PBXVariantGroup section */

/* Begin XCBuildConfiguration section */
		BAD4F15524543D4800CC8357 /* Debug */ = {
			isa = XCBuildConfiguration;
			buildSettings = {
				ALWAYS_SEARCH_USER_PATHS = NO;
				CLANG_ANALYZER_NONNULL = YES;
				CLANG_ANALYZER_NUMBER_OBJECT_CONVERSION = YES_AGGRESSIVE;
				CLANG_CXX_LANGUAGE_STANDARD = "gnu++14";
				CLANG_CXX_LIBRARY = "libc++";
				CLANG_ENABLE_MODULES = YES;
				CLANG_ENABLE_OBJC_ARC = YES;
				CLANG_ENABLE_OBJC_WEAK = YES;
				CLANG_WARN_BLOCK_CAPTURE_AUTORELEASING = YES;
				CLANG_WARN_BOOL_CONVERSION = YES;
				CLANG_WARN_COMMA = YES;
				CLANG_WARN_CONSTANT_CONVERSION = YES;
				CLANG_WARN_DEPRECATED_OBJC_IMPLEMENTATIONS = YES;
				CLANG_WARN_DIRECT_OBJC_ISA_USAGE = YES_ERROR;
				CLANG_WARN_DOCUMENTATION_COMMENTS = YES;
				CLANG_WARN_EMPTY_BODY = YES;
				CLANG_WARN_ENUM_CONVERSION = YES;
				CLANG_WARN_INFINITE_RECURSION = YES;
				CLANG_WARN_INT_CONVERSION = YES;
				CLANG_WARN_NON_LITERAL_NULL_CONVERSION = YES;
				CLANG_WARN_OBJC_IMPLICIT_RETAIN_SELF = YES;
				CLANG_WARN_OBJC_LITERAL_CONVERSION = YES;
				CLANG_WARN_OBJC_ROOT_CLASS = YES_ERROR;
				CLANG_WARN_RANGE_LOOP_ANALYSIS = YES;
				CLANG_WARN_STRICT_PROTOTYPES = YES;
				CLANG_WARN_SUSPICIOUS_MOVE = YES;
				CLANG_WARN_UNGUARDED_AVAILABILITY = YES_AGGRESSIVE;
				CLANG_WARN_UNREACHABLE_CODE = YES;
				CLANG_WARN__DUPLICATE_METHOD_MATCH = YES;
				COPY_PHASE_STRIP = NO;
				DEBUG_INFORMATION_FORMAT = dwarf;
				ENABLE_STRICT_OBJC_MSGSEND = YES;
				ENABLE_TESTABILITY = YES;
				GCC_C_LANGUAGE_STANDARD = gnu11;
				GCC_DYNAMIC_NO_PIC = NO;
				GCC_NO_COMMON_BLOCKS = YES;
				GCC_OPTIMIZATION_LEVEL = 0;
				GCC_PREPROCESSOR_DEFINITIONS = (
					"DEBUG=1",
					"$(inherited)",
				);
				GCC_WARN_64_TO_32_BIT_CONVERSION = YES;
				GCC_WARN_ABOUT_RETURN_TYPE = YES_ERROR;
				GCC_WARN_UNDECLARED_SELECTOR = YES;
				GCC_WARN_UNINITIALIZED_AUTOS = YES_AGGRESSIVE;
				GCC_WARN_UNUSED_FUNCTION = YES;
				GCC_WARN_UNUSED_VARIABLE = YES;
				IPHONEOS_DEPLOYMENT_TARGET = 13.2;
				MTL_ENABLE_DEBUG_INFO = INCLUDE_SOURCE;
				MTL_FAST_MATH = YES;
				ONLY_ACTIVE_ARCH = YES;
				SDKROOT = iphoneos;
				SWIFT_ACTIVE_COMPILATION_CONDITIONS = DEBUG;
				SWIFT_OPTIMIZATION_LEVEL = "-Onone";
			};
			name = Debug;
		};
		BAD4F15624543D4800CC8357 /* Release */ = {
			isa = XCBuildConfiguration;
			buildSettings = {
				ALWAYS_SEARCH_USER_PATHS = NO;
				CLANG_ANALYZER_NONNULL = YES;
				CLANG_ANALYZER_NUMBER_OBJECT_CONVERSION = YES_AGGRESSIVE;
				CLANG_CXX_LANGUAGE_STANDARD = "gnu++14";
				CLANG_CXX_LIBRARY = "libc++";
				CLANG_ENABLE_MODULES = YES;
				CLANG_ENABLE_OBJC_ARC = YES;
				CLANG_ENABLE_OBJC_WEAK = YES;
				CLANG_WARN_BLOCK_CAPTURE_AUTORELEASING = YES;
				CLANG_WARN_BOOL_CONVERSION = YES;
				CLANG_WARN_COMMA = YES;
				CLANG_WARN_CONSTANT_CONVERSION = YES;
				CLANG_WARN_DEPRECATED_OBJC_IMPLEMENTATIONS = YES;
				CLANG_WARN_DIRECT_OBJC_ISA_USAGE = YES_ERROR;
				CLANG_WARN_DOCUMENTATION_COMMENTS = YES;
				CLANG_WARN_EMPTY_BODY = YES;
				CLANG_WARN_ENUM_CONVERSION = YES;
				CLANG_WARN_INFINITE_RECURSION = YES;
				CLANG_WARN_INT_CONVERSION = YES;
				CLANG_WARN_NON_LITERAL_NULL_CONVERSION = YES;
				CLANG_WARN_OBJC_IMPLICIT_RETAIN_SELF = YES;
				CLANG_WARN_OBJC_LITERAL_CONVERSION = YES;
				CLANG_WARN_OBJC_ROOT_CLASS = YES_ERROR;
				CLANG_WARN_RANGE_LOOP_ANALYSIS = YES;
				CLANG_WARN_STRICT_PROTOTYPES = YES;
				CLANG_WARN_SUSPICIOUS_MOVE = YES;
				CLANG_WARN_UNGUARDED_AVAILABILITY = YES_AGGRESSIVE;
				CLANG_WARN_UNREACHABLE_CODE = YES;
				CLANG_WARN__DUPLICATE_METHOD_MATCH = YES;
				COPY_PHASE_STRIP = NO;
				DEBUG_INFORMATION_FORMAT = "dwarf-with-dsym";
				ENABLE_NS_ASSERTIONS = NO;
				ENABLE_STRICT_OBJC_MSGSEND = YES;
				GCC_C_LANGUAGE_STANDARD = gnu11;
				GCC_NO_COMMON_BLOCKS = YES;
				GCC_WARN_64_TO_32_BIT_CONVERSION = YES;
				GCC_WARN_ABOUT_RETURN_TYPE = YES_ERROR;
				GCC_WARN_UNDECLARED_SELECTOR = YES;
				GCC_WARN_UNINITIALIZED_AUTOS = YES_AGGRESSIVE;
				GCC_WARN_UNUSED_FUNCTION = YES;
				GCC_WARN_UNUSED_VARIABLE = YES;
				IPHONEOS_DEPLOYMENT_TARGET = 13.2;
				MTL_ENABLE_DEBUG_INFO = NO;
				MTL_FAST_MATH = YES;
				SDKROOT = iphoneos;
				SWIFT_COMPILATION_MODE = wholemodule;
				SWIFT_OPTIMIZATION_LEVEL = "-O";
				VALIDATE_PRODUCT = YES;
			};
			name = Release;
		};
		BAD4F15824543D4800CC8357 /* Debug */ = {
			isa = XCBuildConfiguration;
			buildSettings = {
				ASSETCATALOG_COMPILER_APPICON_NAME = AppIcon;
				CODE_SIGN_STYLE = Automatic;
				DEVELOPMENT_TEAM = 7GU4K85X89;
				INFOPLIST_FILE = example_TableView/Info.plist;
				LD_RUNPATH_SEARCH_PATHS = (
					"$(inherited)",
					"@executable_path/Frameworks",
				);
				PRODUCT_BUNDLE_IDENTIFIER = "es.NBTech.example-TableView";
				PRODUCT_NAME = "$(TARGET_NAME)";
				SWIFT_VERSION = 5.0;
				TARGETED_DEVICE_FAMILY = "1,2";
			};
			name = Debug;
		};
		BAD4F15924543D4800CC8357 /* Release */ = {
			isa = XCBuildConfiguration;
			buildSettings = {
				ASSETCATALOG_COMPILER_APPICON_NAME = AppIcon;
				CODE_SIGN_STYLE = Automatic;
				DEVELOPMENT_TEAM = 7GU4K85X89;
				INFOPLIST_FILE = example_TableView/Info.plist;
				LD_RUNPATH_SEARCH_PATHS = (
					"$(inherited)",
					"@executable_path/Frameworks",
				);
				PRODUCT_BUNDLE_IDENTIFIER = "es.NBTech.example-TableView";
				PRODUCT_NAME = "$(TARGET_NAME)";
				SWIFT_VERSION = 5.0;
				TARGETED_DEVICE_FAMILY = "1,2";
			};
			name = Release;
		};
/* End XCBuildConfiguration section */

/* Begin XCConfigurationList section */
		BAD4F13E24543D4600CC8357 /* Build configuration list for PBXProject "example_TableView" */ = {
			isa = XCConfigurationList;
			buildConfigurations = (
				BAD4F15524543D4800CC8357 /* Debug */,
				BAD4F15624543D4800CC8357 /* Release */,
			);
			defaultConfigurationIsVisible = 0;
			defaultConfigurationName = Release;
		};
		BAD4F15724543D4800CC8357 /* Build configuration list for PBXNativeTarget "example_TableView" */ = {
			isa = XCConfigurationList;
			buildConfigurations = (
				BAD4F15824543D4800CC8357 /* Debug */,
				BAD4F15924543D4800CC8357 /* Release */,
			);
			defaultConfigurationIsVisible = 0;
			defaultConfigurationName = Release;
		};
/* End XCConfigurationList section */
	};
	rootObject = BAD4F13B24543D4600CC8357 /* Project object */;
}
