// !$*UTF8*$!
{
	archiveVersion = 1;
	classes = {
	};
	objectVersion = 50;
	objects = {

/* Begin PBXBuildFile section */
		4620DD1CD0BBC725DE31D27B /* Pods_exampleFirebase.framework in Frameworks */ = {isa = PBXBuildFile; fileRef = 1DE6F9727CFF1562488D7B49 /* Pods_exampleFirebase.framework */; };
		BA2B55AC2359BD3D00D93771 /* AppDelegate.swift in Sources */ = {isa = PBXBuildFile; fileRef = BA2B55AB2359BD3D00D93771 /* AppDelegate.swift */; };
		BA2B55AE2359BD3D00D93771 /* ViewController.swift in Sources */ = {isa = PBXBuildFile; fileRef = BA2B55AD2359BD3D00D93771 /* ViewController.swift */; };
		BA2B55B12359BD3D00D93771 /* Main.storyboard in Resources */ = {isa = PBXBuildFile; fileRef = BA2B55AF2359BD3D00D93771 /* Main.storyboard */; };
		BA2B55B32359BD3F00D93771 /* Assets.xcassets in Resources */ = {isa = PBXBuildFile; fileRef = BA2B55B22359BD3F00D93771 /* Assets.xcassets */; };
		BA2B55B62359BD3F00D93771 /* LaunchScreen.storyboard in Resources */ = {isa = PBXBuildFile; fileRef = BA2B55B42359BD3F00D93771 /* LaunchScreen.storyboard */; };
		BA2B55BE2359D6D200D93771 /* Dataholer.swift in Sources */ = {isa = PBXBuildFile; fileRef = BA2B55BD2359D6D200D93771 /* Dataholer.swift */; };
		BA2B55C02359DD5A00D93771 /* GoogleService-Info.plist in Resources */ = {isa = PBXBuildFile; fileRef = BA2B55BF2359DD5A00D93771 /* GoogleService-Info.plist */; };
		BA2B55C6235CB62300D93771 /* Profile.swift in Sources */ = {isa = PBXBuildFile; fileRef = BA2B55C5235CB62300D93771 /* Profile.swift */; };
		BA2B55C8235CB78D00D93771 /* VCLogin.swift in Sources */ = {isa = PBXBuildFile; fileRef = BA2B55C7235CB78D00D93771 /* VCLogin.swift */; };
		BA2B55CA235CB82600D93771 /* VCRegistro.swift in Sources */ = {isa = PBXBuildFile; fileRef = BA2B55C9235CB82600D93771 /* VCRegistro.swift */; };
		BAE9B9C82372099A003AA9FB /* DataModel.xcdatamodeld in Sources */ = {isa = PBXBuildFile; fileRef = BAE9B9C62372099A003AA9FB /* DataModel.xcdatamodeld */; };
		BAE9B9CA237209C6003AA9FB /* CoreData.framework in Frameworks */ = {isa = PBXBuildFile; fileRef = BAE9B9C9237209C6003AA9FB /* CoreData.framework */; };
		BAE9B9D023720C5B003AA9FB /* PersistenceService.swift in Sources */ = {isa = PBXBuildFile; fileRef = BAE9B9CF23720C5B003AA9FB /* PersistenceService.swift */; };
/* End PBXBuildFile section */

/* Begin PBXFileReference section */
		11C8714BB075DA7EAA6C9969 /* Pods-exampleFirebase.release.xcconfig */ = {isa = PBXFileReference; includeInIndex = 1; lastKnownFileType = text.xcconfig; name = "Pods-exampleFirebase.release.xcconfig"; path = "Pods/Target Support Files/Pods-exampleFirebase/Pods-exampleFirebase.release.xcconfig"; sourceTree = "<group>"; };
		1DE6F9727CFF1562488D7B49 /* Pods_exampleFirebase.framework */ = {isa = PBXFileReference; explicitFileType = wrapper.framework; includeInIndex = 0; path = Pods_exampleFirebase.framework; sourceTree = BUILT_PRODUCTS_DIR; };
		68BFABC26A6DE939D651CC59 /* Pods-exampleFirebase.debug.xcconfig */ = {isa = PBXFileReference; includeInIndex = 1; lastKnownFileType = text.xcconfig; name = "Pods-exampleFirebase.debug.xcconfig"; path = "Pods/Target Support Files/Pods-exampleFirebase/Pods-exampleFirebase.debug.xcconfig"; sourceTree = "<group>"; };
		BA2B55A82359BD3D00D93771 /* exampleFirebase.app */ = {isa = PBXFileReference; explicitFileType = wrapper.application; includeInIndex = 0; path = exampleFirebase.app; sourceTree = BUILT_PRODUCTS_DIR; };
		BA2B55AB2359BD3D00D93771 /* AppDelegate.swift */ = {isa = PBXFileReference; lastKnownFileType = sourcecode.swift; path = AppDelegate.swift; sourceTree = "<group>"; };
		BA2B55AD2359BD3D00D93771 /* ViewController.swift */ = {isa = PBXFileReference; lastKnownFileType = sourcecode.swift; path = ViewController.swift; sourceTree = "<group>"; };
		BA2B55B02359BD3D00D93771 /* Base */ = {isa = PBXFileReference; lastKnownFileType = file.storyboard; name = Base; path = Base.lproj/Main.storyboard; sourceTree = "<group>"; };
		BA2B55B22359BD3F00D93771 /* Assets.xcassets */ = {isa = PBXFileReference; lastKnownFileType = folder.assetcatalog; path = Assets.xcassets; sourceTree = "<group>"; };
		BA2B55B52359BD3F00D93771 /* Base */ = {isa = PBXFileReference; lastKnownFileType = file.storyboard; name = Base; path = Base.lproj/LaunchScreen.storyboard; sourceTree = "<group>"; };
		BA2B55B72359BD3F00D93771 /* Info.plist */ = {isa = PBXFileReference; lastKnownFileType = text.plist.xml; path = Info.plist; sourceTree = "<group>"; };
		BA2B55BD2359D6D200D93771 /* Dataholer.swift */ = {isa = PBXFileReference; lastKnownFileType = sourcecode.swift; path = Dataholer.swift; sourceTree = "<group>"; };
		BA2B55BF2359DD5A00D93771 /* GoogleService-Info.plist */ = {isa = PBXFileReference; fileEncoding = 4; lastKnownFileType = text.plist.xml; path = "GoogleService-Info.plist"; sourceTree = "<group>"; };
		BA2B55C5235CB62300D93771 /* Profile.swift */ = {isa = PBXFileReference; lastKnownFileType = sourcecode.swift; path = Profile.swift; sourceTree = "<group>"; };
		BA2B55C7235CB78D00D93771 /* VCLogin.swift */ = {isa = PBXFileReference; lastKnownFileType = sourcecode.swift; path = VCLogin.swift; sourceTree = "<group>"; };
		BA2B55C9235CB82600D93771 /* VCRegistro.swift */ = {isa = PBXFileReference; lastKnownFileType = sourcecode.swift; path = VCRegistro.swift; sourceTree = "<group>"; };
		BAE9B9C72372099A003AA9FB /* UsersModel.xcdatamodel */ = {isa = PBXFileReference; lastKnownFileType = wrapper.xcdatamodel; path = UsersModel.xcdatamodel; sourceTree = "<group>"; };
		BAE9B9C9237209C6003AA9FB /* CoreData.framework */ = {isa = PBXFileReference; lastKnownFileType = wrapper.framework; name = CoreData.framework; path = System/Library/Frameworks/CoreData.framework; sourceTree = SDKROOT; };
		BAE9B9CF23720C5B003AA9FB /* PersistenceService.swift */ = {isa = PBXFileReference; lastKnownFileType = sourcecode.swift; path = PersistenceService.swift; sourceTree = "<group>"; };
/* End PBXFileReference section */

/* Begin PBXFrameworksBuildPhase section */
		BA2B55A52359BD3D00D93771 /* Frameworks */ = {
			isa = PBXFrameworksBuildPhase;
			buildActionMask = 2147483647;
			files = (
				BAE9B9CA237209C6003AA9FB /* CoreData.framework in Frameworks */,
				4620DD1CD0BBC725DE31D27B /* Pods_exampleFirebase.framework in Frameworks */,
			);
			runOnlyForDeploymentPostprocessing = 0;
		};
/* End PBXFrameworksBuildPhase section */

/* Begin PBXGroup section */
		75F58204E82D9D1A45299A52 /* Pods */ = {
			isa = PBXGroup;
			children = (
				68BFABC26A6DE939D651CC59 /* Pods-exampleFirebase.debug.xcconfig */,
				11C8714BB075DA7EAA6C9969 /* Pods-exampleFirebase.release.xcconfig */,
			);
			name = Pods;
			sourceTree = "<group>";
		};
		B2D97C5EA22AFCBB1E0E394C /* Frameworks */ = {
			isa = PBXGroup;
			children = (
				BAE9B9C9237209C6003AA9FB /* CoreData.framework */,
				1DE6F9727CFF1562488D7B49 /* Pods_exampleFirebase.framework */,
			);
			name = Frameworks;
			sourceTree = "<group>";
		};
		BA2B559F2359BD3D00D93771 = {
			isa = PBXGroup;
			children = (
				BA2B55AA2359BD3D00D93771 /* exampleFirebase */,
				BA2B55A92359BD3D00D93771 /* Products */,
				75F58204E82D9D1A45299A52 /* Pods */,
				B2D97C5EA22AFCBB1E0E394C /* Frameworks */,
			);
			sourceTree = "<group>";
		};
		BA2B55A92359BD3D00D93771 /* Products */ = {
			isa = PBXGroup;
			children = (
				BA2B55A82359BD3D00D93771 /* exampleFirebase.app */,
			);
			name = Products;
			sourceTree = "<group>";
		};
		BA2B55AA2359BD3D00D93771 /* exampleFirebase */ = {
			isa = PBXGroup;
			children = (
				BA2B55B72359BD3F00D93771 /* Info.plist */,
				BA2B55BF2359DD5A00D93771 /* GoogleService-Info.plist */,
				BA2B55C4235CB5F900D93771 /* Resources */,
				BA2B55C3235CB5E100D93771 /* Models */,
				BA2B55C2235CB5D400D93771 /* Controllers */,
				BA2B55C1235CB5CB00D93771 /* Views */,
				BA2B55AB2359BD3D00D93771 /* AppDelegate.swift */,
			);
			path = exampleFirebase;
			sourceTree = "<group>";
		};
		BA2B55C1235CB5CB00D93771 /* Views */ = {
			isa = PBXGroup;
			children = (
				BA2B55AF2359BD3D00D93771 /* Main.storyboard */,
				BA2B55B42359BD3F00D93771 /* LaunchScreen.storyboard */,
			);
			path = Views;
			sourceTree = "<group>";
		};
		BA2B55C2235CB5D400D93771 /* Controllers */ = {
			isa = PBXGroup;
			children = (
				BA2B55AD2359BD3D00D93771 /* ViewController.swift */,
				BA2B55C7235CB78D00D93771 /* VCLogin.swift */,
				BA2B55C9235CB82600D93771 /* VCRegistro.swift */,
			);
			path = Controllers;
			sourceTree = "<group>";
		};
		BA2B55C3235CB5E100D93771 /* Models */ = {
			isa = PBXGroup;
			children = (
				BA2B55BD2359D6D200D93771 /* Dataholer.swift */,
				BA2B55C5235CB62300D93771 /* Profile.swift */,
				BAE9B9CF23720C5B003AA9FB /* PersistenceService.swift */,
			);
			path = Models;
			sourceTree = "<group>";
		};
		BA2B55C4235CB5F900D93771 /* Resources */ = {
			isa = PBXGroup;
			children = (
				BA2B55B22359BD3F00D93771 /* Assets.xcassets */,
				BAE9B9C62372099A003AA9FB /* DataModel.xcdatamodeld */,
			);
			path = Resources;
			sourceTree = "<group>";
		};
/* End PBXGroup section */

/* Begin PBXNativeTarget section */
		BA2B55A72359BD3D00D93771 /* exampleFirebase */ = {
			isa = PBXNativeTarget;
			buildConfigurationList = BA2B55BA2359BD3F00D93771 /* Build configuration list for PBXNativeTarget "exampleFirebase" */;
			buildPhases = (
				126D6709E10C4BBD23515866 /* [CP] Check Pods Manifest.lock */,
				BA2B55A42359BD3D00D93771 /* Sources */,
				BA2B55A52359BD3D00D93771 /* Frameworks */,
				BA2B55A62359BD3D00D93771 /* Resources */,
				A66AB9E1FC681518F4316B50 /* [CP] Embed Pods Frameworks */,
				42FEC4CE8A300A597324EEA8 /* [CP] Copy Pods Resources */,
			);
			buildRules = (
			);
			dependencies = (
			);
			name = exampleFirebase;
			productName = exampleFirebase;
			productReference = BA2B55A82359BD3D00D93771 /* exampleFirebase.app */;
			productType = "com.apple.product-type.application";
		};
/* End PBXNativeTarget section */

/* Begin PBXProject section */
		BA2B55A02359BD3D00D93771 /* Project object */ = {
			isa = PBXProject;
			attributes = {
				LastSwiftUpdateCheck = 1030;
				LastUpgradeCheck = 1030;
				ORGANIZATIONNAME = NBTech;
				TargetAttributes = {
					BA2B55A72359BD3D00D93771 = {
						CreatedOnToolsVersion = 10.3;
					};
				};
			};
			buildConfigurationList = BA2B55A32359BD3D00D93771 /* Build configuration list for PBXProject "exampleFirebase" */;
			compatibilityVersion = "Xcode 9.3";
			developmentRegion = en;
			hasScannedForEncodings = 0;
			knownRegions = (
				en,
				Base,
			);
			mainGroup = BA2B559F2359BD3D00D93771;
			productRefGroup = BA2B55A92359BD3D00D93771 /* Products */;
			projectDirPath = "";
			projectRoot = "";
			targets = (
				BA2B55A72359BD3D00D93771 /* exampleFirebase */,
			);
		};
/* End PBXProject section */

/* Begin PBXResourcesBuildPhase section */
		BA2B55A62359BD3D00D93771 /* Resources */ = {
			isa = PBXResourcesBuildPhase;
			buildActionMask = 2147483647;
			files = (
				BA2B55B62359BD3F00D93771 /* LaunchScreen.storyboard in Resources */,
				BA2B55C02359DD5A00D93771 /* GoogleService-Info.plist in Resources */,
				BA2B55B32359BD3F00D93771 /* Assets.xcassets in Resources */,
				BA2B55B12359BD3D00D93771 /* Main.storyboard in Resources */,
			);
			runOnlyForDeploymentPostprocessing = 0;
		};
/* End PBXResourcesBuildPhase section */

/* Begin PBXShellScriptBuildPhase section */
		126D6709E10C4BBD23515866 /* [CP] Check Pods Manifest.lock */ = {
			isa = PBXShellScriptBuildPhase;
			buildActionMask = 2147483647;
			files = (
			);
			inputPaths = (
				"${PODS_PODFILE_DIR_PATH}/Podfile.lock",
				"${PODS_ROOT}/Manifest.lock",
			);
			name = "[CP] Check Pods Manifest.lock";
			outputPaths = (
				"$(DERIVED_FILE_DIR)/Pods-exampleFirebase-checkManifestLockResult.txt",
			);
			runOnlyForDeploymentPostprocessing = 0;
			shellPath = /bin/sh;
			shellScript = "diff \"${PODS_PODFILE_DIR_PATH}/Podfile.lock\" \"${PODS_ROOT}/Manifest.lock\" > /dev/null\nif [ $? != 0 ] ; then\n    # print error to STDERR\n    echo \"error: The sandbox is not in sync with the Podfile.lock. Run 'pod install' or update your CocoaPods installation.\" >&2\n    exit 1\nfi\n# This output is used by Xcode 'outputs' to avoid re-running this script phase.\necho \"SUCCESS\" > \"${SCRIPT_OUTPUT_FILE_0}\"\n";
			showEnvVarsInLog = 0;
		};
		42FEC4CE8A300A597324EEA8 /* [CP] Copy Pods Resources */ = {
			isa = PBXShellScriptBuildPhase;
			buildActionMask = 2147483647;
			files = (
			);
			inputPaths = (
				"${SRCROOT}/Pods/Target Support Files/Pods-exampleFirebase/Pods-exampleFirebase-resources.sh",
				"${PODS_ROOT}/GoogleSignIn/Resources/GoogleSignIn.bundle",
			);
			name = "[CP] Copy Pods Resources";
			outputPaths = (
				"${TARGET_BUILD_DIR}/${UNLOCALIZED_RESOURCES_FOLDER_PATH}/GoogleSignIn.bundle",
			);
			runOnlyForDeploymentPostprocessing = 0;
			shellPath = /bin/sh;
			shellScript = "\"${SRCROOT}/Pods/Target Support Files/Pods-exampleFirebase/Pods-exampleFirebase-resources.sh\"\n";
			showEnvVarsInLog = 0;
		};
		A66AB9E1FC681518F4316B50 /* [CP] Embed Pods Frameworks */ = {
			isa = PBXShellScriptBuildPhase;
			buildActionMask = 2147483647;
			files = (
			);
			inputPaths = (
				"${SRCROOT}/Pods/Target Support Files/Pods-exampleFirebase/Pods-exampleFirebase-frameworks.sh",
				"${BUILT_PRODUCTS_DIR}/AppAuth/AppAuth.framework",
				"${BUILT_PRODUCTS_DIR}/BoringSSL-GRPC/openssl_grpc.framework",
				"${BUILT_PRODUCTS_DIR}/GTMAppAuth/GTMAppAuth.framework",
				"${BUILT_PRODUCTS_DIR}/GTMSessionFetcher/GTMSessionFetcher.framework",
				"${BUILT_PRODUCTS_DIR}/GoogleUtilities/GoogleUtilities.framework",
				"${BUILT_PRODUCTS_DIR}/Protobuf/Protobuf.framework",
				"${BUILT_PRODUCTS_DIR}/gRPC-C++/grpcpp.framework",
				"${BUILT_PRODUCTS_DIR}/gRPC-Core/grpc.framework",
				"${BUILT_PRODUCTS_DIR}/leveldb-library/leveldb.framework",
				"${BUILT_PRODUCTS_DIR}/nanopb/nanopb.framework",
			);
			name = "[CP] Embed Pods Frameworks";
			outputPaths = (
				"${TARGET_BUILD_DIR}/${FRAMEWORKS_FOLDER_PATH}/AppAuth.framework",
				"${TARGET_BUILD_DIR}/${FRAMEWORKS_FOLDER_PATH}/openssl_grpc.framework",
				"${TARGET_BUILD_DIR}/${FRAMEWORKS_FOLDER_PATH}/GTMAppAuth.framework",
				"${TARGET_BUILD_DIR}/${FRAMEWORKS_FOLDER_PATH}/GTMSessionFetcher.framework",
				"${TARGET_BUILD_DIR}/${FRAMEWORKS_FOLDER_PATH}/GoogleUtilities.framework",
				"${TARGET_BUILD_DIR}/${FRAMEWORKS_FOLDER_PATH}/Protobuf.framework",
				"${TARGET_BUILD_DIR}/${FRAMEWORKS_FOLDER_PATH}/grpcpp.framework",
				"${TARGET_BUILD_DIR}/${FRAMEWORKS_FOLDER_PATH}/grpc.framework",
				"${TARGET_BUILD_DIR}/${FRAMEWORKS_FOLDER_PATH}/leveldb.framework",
				"${TARGET_BUILD_DIR}/${FRAMEWORKS_FOLDER_PATH}/nanopb.framework",
			);
			runOnlyForDeploymentPostprocessing = 0;
			shellPath = /bin/sh;
			shellScript = "\"${SRCROOT}/Pods/Target Support Files/Pods-exampleFirebase/Pods-exampleFirebase-frameworks.sh\"\n";
			showEnvVarsInLog = 0;
		};
/* End PBXShellScriptBuildPhase section */

/* Begin PBXSourcesBuildPhase section */
		BA2B55A42359BD3D00D93771 /* Sources */ = {
			isa = PBXSourcesBuildPhase;
			buildActionMask = 2147483647;
			files = (
				BA2B55AE2359BD3D00D93771 /* ViewController.swift in Sources */,
				BAE9B9D023720C5B003AA9FB /* PersistenceService.swift in Sources */,
				BA2B55C6235CB62300D93771 /* Profile.swift in Sources */,
				BA2B55C8235CB78D00D93771 /* VCLogin.swift in Sources */,
				BA2B55BE2359D6D200D93771 /* Dataholer.swift in Sources */,
				BA2B55AC2359BD3D00D93771 /* AppDelegate.swift in Sources */,
				BA2B55CA235CB82600D93771 /* VCRegistro.swift in Sources */,
				BAE9B9C82372099A003AA9FB /* DataModel.xcdatamodeld in Sources */,
			);
			runOnlyForDeploymentPostprocessing = 0;
		};
/* End PBXSourcesBuildPhase section */

/* Begin PBXVariantGroup section */
		BA2B55AF2359BD3D00D93771 /* Main.storyboard */ = {
			isa = PBXVariantGroup;
			children = (
				BA2B55B02359BD3D00D93771 /* Base */,
			);
			name = Main.storyboard;
			sourceTree = "<group>";
		};
		BA2B55B42359BD3F00D93771 /* LaunchScreen.storyboard */ = {
			isa = PBXVariantGroup;
			children = (
				BA2B55B52359BD3F00D93771 /* Base */,
			);
			name = LaunchScreen.storyboard;
			sourceTree = "<group>";
		};
/* End PBXVariantGroup section */

/* Begin XCBuildConfiguration section */
		BA2B55B82359BD3F00D93771 /* Debug */ = {
			isa = XCBuildConfiguration;
			buildSettings = {
				ALWAYS_SEARCH_USER_PATHS = NO;
				CLANG_ANALYZER_NONNULL = YES;
				CLANG_ANALYZER_NUMBER_OBJECT_CONVERSION = YES_AGGRESSIVE;
				CLANG_CXX_LANGUAGE_STANDARD = "gnu++14";
				CLANG_CXX_LIBRARY = "libc++";
				CLANG_ENABLE_MODULES = YES;
				CLANG_ENABLE_OBJC_ARC = YES;
				CLANG_ENABLE_OBJC_WEAK = YES;
				CLANG_WARN_BLOCK_CAPTURE_AUTORELEASING = YES;
				CLANG_WARN_BOOL_CONVERSION = YES;
				CLANG_WARN_COMMA = YES;
				CLANG_WARN_CONSTANT_CONVERSION = YES;
				CLANG_WARN_DEPRECATED_OBJC_IMPLEMENTATIONS = YES;
				CLANG_WARN_DIRECT_OBJC_ISA_USAGE = YES_ERROR;
				CLANG_WARN_DOCUMENTATION_COMMENTS = YES;
				CLANG_WARN_EMPTY_BODY = YES;
				CLANG_WARN_ENUM_CONVERSION = YES;
				CLANG_WARN_INFINITE_RECURSION = YES;
				CLANG_WARN_INT_CONVERSION = YES;
				CLANG_WARN_NON_LITERAL_NULL_CONVERSION = YES;
				CLANG_WARN_OBJC_IMPLICIT_RETAIN_SELF = YES;
				CLANG_WARN_OBJC_LITERAL_CONVERSION = YES;
				CLANG_WARN_OBJC_ROOT_CLASS = YES_ERROR;
				CLANG_WARN_RANGE_LOOP_ANALYSIS = YES;
				CLANG_WARN_STRICT_PROTOTYPES = YES;
				CLANG_WARN_SUSPICIOUS_MOVE = YES;
				CLANG_WARN_UNGUARDED_AVAILABILITY = YES_AGGRESSIVE;
				CLANG_WARN_UNREACHABLE_CODE = YES;
				CLANG_WARN__DUPLICATE_METHOD_MATCH = YES;
				CODE_SIGN_IDENTITY = "iPhone Developer";
				COPY_PHASE_STRIP = NO;
				DEBUG_INFORMATION_FORMAT = dwarf;
				ENABLE_STRICT_OBJC_MSGSEND = YES;
				ENABLE_TESTABILITY = YES;
				GCC_C_LANGUAGE_STANDARD = gnu11;
				GCC_DYNAMIC_NO_PIC = NO;
				GCC_NO_COMMON_BLOCKS = YES;
				GCC_OPTIMIZATION_LEVEL = 0;
				GCC_PREPROCESSOR_DEFINITIONS = (
					"DEBUG=1",
					"$(inherited)",
				);
				GCC_WARN_64_TO_32_BIT_CONVERSION = YES;
				GCC_WARN_ABOUT_RETURN_TYPE = YES_ERROR;
				GCC_WARN_UNDECLARED_SELECTOR = YES;
				GCC_WARN_UNINITIALIZED_AUTOS = YES_AGGRESSIVE;
				GCC_WARN_UNUSED_FUNCTION = YES;
				GCC_WARN_UNUSED_VARIABLE = YES;
				IPHONEOS_DEPLOYMENT_TARGET = 12.4;
				MTL_ENABLE_DEBUG_INFO = INCLUDE_SOURCE;
				MTL_FAST_MATH = YES;
				ONLY_ACTIVE_ARCH = YES;
				SDKROOT = iphoneos;
				SWIFT_ACTIVE_COMPILATION_CONDITIONS = DEBUG;
				SWIFT_OPTIMIZATION_LEVEL = "-Onone";
			};
			name = Debug;
		};
		BA2B55B92359BD3F00D93771 /* Release */ = {
			isa = XCBuildConfiguration;
			buildSettings = {
				ALWAYS_SEARCH_USER_PATHS = NO;
				CLANG_ANALYZER_NONNULL = YES;
				CLANG_ANALYZER_NUMBER_OBJECT_CONVERSION = YES_AGGRESSIVE;
				CLANG_CXX_LANGUAGE_STANDARD = "gnu++14";
				CLANG_CXX_LIBRARY = "libc++";
				CLANG_ENABLE_MODULES = YES;
				CLANG_ENABLE_OBJC_ARC = YES;
				CLANG_ENABLE_OBJC_WEAK = YES;
				CLANG_WARN_BLOCK_CAPTURE_AUTORELEASING = YES;
				CLANG_WARN_BOOL_CONVERSION = YES;
				CLANG_WARN_COMMA = YES;
				CLANG_WARN_CONSTANT_CONVERSION = YES;
				CLANG_WARN_DEPRECATED_OBJC_IMPLEMENTATIONS = YES;
				CLANG_WARN_DIRECT_OBJC_ISA_USAGE = YES_ERROR;
				CLANG_WARN_DOCUMENTATION_COMMENTS = YES;
				CLANG_WARN_EMPTY_BODY = YES;
				CLANG_WARN_ENUM_CONVERSION = YES;
				CLANG_WARN_INFINITE_RECURSION = YES;
				CLANG_WARN_INT_CONVERSION = YES;
				CLANG_WARN_NON_LITERAL_NULL_CONVERSION = YES;
				CLANG_WARN_OBJC_IMPLICIT_RETAIN_SELF = YES;
				CLANG_WARN_OBJC_LITERAL_CONVERSION = YES;
				CLANG_WARN_OBJC_ROOT_CLASS = YES_ERROR;
				CLANG_WARN_RANGE_LOOP_ANALYSIS = YES;
				CLANG_WARN_STRICT_PROTOTYPES = YES;
				CLANG_WARN_SUSPICIOUS_MOVE = YES;
				CLANG_WARN_UNGUARDED_AVAILABILITY = YES_AGGRESSIVE;
				CLANG_WARN_UNREACHABLE_CODE = YES;
				CLANG_WARN__DUPLICATE_METHOD_MATCH = YES;
				CODE_SIGN_IDENTITY = "iPhone Developer";
				COPY_PHASE_STRIP = NO;
				DEBUG_INFORMATION_FORMAT = "dwarf-with-dsym";
				ENABLE_NS_ASSERTIONS = NO;
				ENABLE_STRICT_OBJC_MSGSEND = YES;
				GCC_C_LANGUAGE_STANDARD = gnu11;
				GCC_NO_COMMON_BLOCKS = YES;
				GCC_WARN_64_TO_32_BIT_CONVERSION = YES;
				GCC_WARN_ABOUT_RETURN_TYPE = YES_ERROR;
				GCC_WARN_UNDECLARED_SELECTOR = YES;
				GCC_WARN_UNINITIALIZED_AUTOS = YES_AGGRESSIVE;
				GCC_WARN_UNUSED_FUNCTION = YES;
				GCC_WARN_UNUSED_VARIABLE = YES;
				IPHONEOS_DEPLOYMENT_TARGET = 12.4;
				MTL_ENABLE_DEBUG_INFO = NO;
				MTL_FAST_MATH = YES;
				SDKROOT = iphoneos;
				SWIFT_COMPILATION_MODE = wholemodule;
				SWIFT_OPTIMIZATION_LEVEL = "-O";
				VALIDATE_PRODUCT = YES;
			};
			name = Release;
		};
		BA2B55BB2359BD3F00D93771 /* Debug */ = {
			isa = XCBuildConfiguration;
			baseConfigurationReference = 68BFABC26A6DE939D651CC59 /* Pods-exampleFirebase.debug.xcconfig */;
			buildSettings = {
				ASSETCATALOG_COMPILER_APPICON_NAME = AppIcon;
				CODE_SIGN_STYLE = Automatic;
				DEVELOPMENT_TEAM = 7GU4K85X89;
				INFOPLIST_FILE = exampleFirebase/Info.plist;
				LD_RUNPATH_SEARCH_PATHS = (
					"$(inherited)",
					"@executable_path/Frameworks",
				);
				PRODUCT_BUNDLE_IDENTIFIER = es.NBTech.exampleFirebase;
				PRODUCT_NAME = "$(TARGET_NAME)";
				SWIFT_VERSION = 5.0;
				TARGETED_DEVICE_FAMILY = "1,2";
			};
			name = Debug;
		};
		BA2B55BC2359BD3F00D93771 /* Release */ = {
			isa = XCBuildConfiguration;
			baseConfigurationReference = 11C8714BB075DA7EAA6C9969 /* Pods-exampleFirebase.release.xcconfig */;
			buildSettings = {
				ASSETCATALOG_COMPILER_APPICON_NAME = AppIcon;
				CODE_SIGN_STYLE = Automatic;
				DEVELOPMENT_TEAM = 7GU4K85X89;
				INFOPLIST_FILE = exampleFirebase/Info.plist;
				LD_RUNPATH_SEARCH_PATHS = (
					"$(inherited)",
					"@executable_path/Frameworks",
				);
				PRODUCT_BUNDLE_IDENTIFIER = es.NBTech.exampleFirebase;
				PRODUCT_NAME = "$(TARGET_NAME)";
				SWIFT_VERSION = 5.0;
				TARGETED_DEVICE_FAMILY = "1,2";
			};
			name = Release;
		};
/* End XCBuildConfiguration section */

/* Begin XCConfigurationList section */
		BA2B55A32359BD3D00D93771 /* Build configuration list for PBXProject "exampleFirebase" */ = {
			isa = XCConfigurationList;
			buildConfigurations = (
				BA2B55B82359BD3F00D93771 /* Debug */,
				BA2B55B92359BD3F00D93771 /* Release */,
			);
			defaultConfigurationIsVisible = 0;
			defaultConfigurationName = Release;
		};
		BA2B55BA2359BD3F00D93771 /* Build configuration list for PBXNativeTarget "exampleFirebase" */ = {
			isa = XCConfigurationList;
			buildConfigurations = (
				BA2B55BB2359BD3F00D93771 /* Debug */,
				BA2B55BC2359BD3F00D93771 /* Release */,
			);
			defaultConfigurationIsVisible = 0;
			defaultConfigurationName = Release;
		};
/* End XCConfigurationList section */

/* Begin XCVersionGroup section */
		BAE9B9C62372099A003AA9FB /* DataModel.xcdatamodeld */ = {
			isa = XCVersionGroup;
			children = (
				BAE9B9C72372099A003AA9FB /* UsersModel.xcdatamodel */,
			);
			currentVersion = BAE9B9C72372099A003AA9FB /* UsersModel.xcdatamodel */;
			path = DataModel.xcdatamodeld;
			sourceTree = "<group>";
			versionGroupType = wrapper.xcdatamodel;
		};
/* End XCVersionGroup section */
	};
	rootObject = BA2B55A02359BD3D00D93771 /* Project object */;
}
