// !$*UTF8*$!
{
	archiveVersion = 1;
	classes = {
	};
	objectVersion = 50;
	objects = {

/* Begin PBXBuildFile section */
		BAE54F20245F3A9400B45A15 /* AppDelegate.swift in Sources */ = {isa = PBXBuildFile; fileRef = BAE54F1F245F3A9400B45A15 /* AppDelegate.swift */; };
		BAE54F22245F3A9400B45A15 /* SceneDelegate.swift in Sources */ = {isa = PBXBuildFile; fileRef = BAE54F21245F3A9400B45A15 /* SceneDelegate.swift */; };
		BAE54F27245F3A9400B45A15 /* Main.storyboard in Resources */ = {isa = PBXBuildFile; fileRef = BAE54F25245F3A9400B45A15 /* Main.storyboard */; };
		BAE54F29245F3A9500B45A15 /* Assets.xcassets in Resources */ = {isa = PBXBuildFile; fileRef = BAE54F28245F3A9500B45A15 /* Assets.xcassets */; };
		BAE54F2C245F3A9500B45A15 /* LaunchScreen.storyboard in Resources */ = {isa = PBXBuildFile; fileRef = BAE54F2A245F3A9500B45A15 /* LaunchScreen.storyboard */; };
		BAE54F34245F420800B45A15 /* MapScreen.swift in Sources */ = {isa = PBXBuildFile; fileRef = BAE54F33245F420800B45A15 /* MapScreen.swift */; };
/* End PBXBuildFile section */

/* Begin PBXFileReference section */
		BAE54F1C245F3A9400B45A15 /* example_user_location.app */ = {isa = PBXFileReference; explicitFileType = wrapper.application; includeInIndex = 0; path = example_user_location.app; sourceTree = BUILT_PRODUCTS_DIR; };
		BAE54F1F245F3A9400B45A15 /* AppDelegate.swift */ = {isa = PBXFileReference; lastKnownFileType = sourcecode.swift; path = AppDelegate.swift; sourceTree = "<group>"; };
		BAE54F21245F3A9400B45A15 /* SceneDelegate.swift */ = {isa = PBXFileReference; lastKnownFileType = sourcecode.swift; path = SceneDelegate.swift; sourceTree = "<group>"; };
		BAE54F26245F3A9400B45A15 /* Base */ = {isa = PBXFileReference; lastKnownFileType = file.storyboard; name = Base; path = Base.lproj/Main.storyboard; sourceTree = "<group>"; };
		BAE54F28245F3A9500B45A15 /* Assets.xcassets */ = {isa = PBXFileReference; lastKnownFileType = folder.assetcatalog; path = Assets.xcassets; sourceTree = "<group>"; };
		BAE54F2B245F3A9500B45A15 /* Base */ = {isa = PBXFileReference; lastKnownFileType = file.storyboard; name = Base; path = Base.lproj/LaunchScreen.storyboard; sourceTree = "<group>"; };
		BAE54F2D245F3A9500B45A15 /* Info.plist */ = {isa = PBXFileReference; lastKnownFileType = text.plist.xml; path = Info.plist; sourceTree = "<group>"; };
		BAE54F33245F420800B45A15 /* MapScreen.swift */ = {isa = PBXFileReference; lastKnownFileType = sourcecode.swift; path = MapScreen.swift; sourceTree = "<group>"; };
/* End PBXFileReference section */

/* Begin PBXFrameworksBuildPhase section */
		BAE54F19245F3A9400B45A15 /* Frameworks */ = {
			isa = PBXFrameworksBuildPhase;
			buildActionMask = 2147483647;
			files = (
			);
			runOnlyForDeploymentPostprocessing = 0;
		};
/* End PBXFrameworksBuildPhase section */

/* Begin PBXGroup section */
		BAE54F13245F3A9400B45A15 = {
			isa = PBXGroup;
			children = (
				BAE54F1E245F3A9400B45A15 /* example_user_location */,
				BAE54F1D245F3A9400B45A15 /* Products */,
			);
			sourceTree = "<group>";
		};
		BAE54F1D245F3A9400B45A15 /* Products */ = {
			isa = PBXGroup;
			children = (
				BAE54F1C245F3A9400B45A15 /* example_user_location.app */,
			);
			name = Products;
			sourceTree = "<group>";
		};
		BAE54F1E245F3A9400B45A15 /* example_user_location */ = {
			isa = PBXGroup;
			children = (
				BAE54F1F245F3A9400B45A15 /* AppDelegate.swift */,
				BAE54F21245F3A9400B45A15 /* SceneDelegate.swift */,
				BAE54F25245F3A9400B45A15 /* Main.storyboard */,
				BAE54F28245F3A9500B45A15 /* Assets.xcassets */,
				BAE54F2A245F3A9500B45A15 /* LaunchScreen.storyboard */,
				BAE54F2D245F3A9500B45A15 /* Info.plist */,
				BAE54F33245F420800B45A15 /* MapScreen.swift */,
			);
			path = example_user_location;
			sourceTree = "<group>";
		};
/* End PBXGroup section */

/* Begin PBXNativeTarget section */
		BAE54F1B245F3A9400B45A15 /* example_user_location */ = {
			isa = PBXNativeTarget;
			buildConfigurationList = BAE54F30245F3A9500B45A15 /* Build configuration list for PBXNativeTarget "example_user_location" */;
			buildPhases = (
				BAE54F18245F3A9400B45A15 /* Sources */,
				BAE54F19245F3A9400B45A15 /* Frameworks */,
				BAE54F1A245F3A9400B45A15 /* Resources */,
			);
			buildRules = (
			);
			dependencies = (
			);
			name = example_user_location;
			productName = example_user_location;
			productReference = BAE54F1C245F3A9400B45A15 /* example_user_location.app */;
			productType = "com.apple.product-type.application";
		};
/* End PBXNativeTarget section */

/* Begin PBXProject section */
		BAE54F14245F3A9400B45A15 /* Project object */ = {
			isa = PBXProject;
			attributes = {
				LastSwiftUpdateCheck = 1120;
				LastUpgradeCheck = 1120;
				ORGANIZATIONNAME = NBTech;
				TargetAttributes = {
					BAE54F1B245F3A9400B45A15 = {
						CreatedOnToolsVersion = 11.2.1;
					};
				};
			};
			buildConfigurationList = BAE54F17245F3A9400B45A15 /* Build configuration list for PBXProject "example_user_location" */;
			compatibilityVersion = "Xcode 9.3";
			developmentRegion = en;
			hasScannedForEncodings = 0;
			knownRegions = (
				en,
				Base,
			);
			mainGroup = BAE54F13245F3A9400B45A15;
			productRefGroup = BAE54F1D245F3A9400B45A15 /* Products */;
			projectDirPath = "";
			projectRoot = "";
			targets = (
				BAE54F1B245F3A9400B45A15 /* example_user_location */,
			);
		};
/* End PBXProject section */

/* Begin PBXResourcesBuildPhase section */
		BAE54F1A245F3A9400B45A15 /* Resources */ = {
			isa = PBXResourcesBuildPhase;
			buildActionMask = 2147483647;
			files = (
				BAE54F2C245F3A9500B45A15 /* LaunchScreen.storyboard in Resources */,
				BAE54F29245F3A9500B45A15 /* Assets.xcassets in Resources */,
				BAE54F27245F3A9400B45A15 /* Main.storyboard in Resources */,
			);
			runOnlyForDeploymentPostprocessing = 0;
		};
/* End PBXResourcesBuildPhase section */

/* Begin PBXSourcesBuildPhase section */
		BAE54F18245F3A9400B45A15 /* Sources */ = {
			isa = PBXSourcesBuildPhase;
			buildActionMask = 2147483647;
			files = (
				BAE54F34245F420800B45A15 /* MapScreen.swift in Sources */,
				BAE54F20245F3A9400B45A15 /* AppDelegate.swift in Sources */,
				BAE54F22245F3A9400B45A15 /* SceneDelegate.swift in Sources */,
			);
			runOnlyForDeploymentPostprocessing = 0;
		};
/* End PBXSourcesBuildPhase section */

/* Begin PBXVariantGroup section */
		BAE54F25245F3A9400B45A15 /* Main.storyboard */ = {
			isa = PBXVariantGroup;
			children = (
				BAE54F26245F3A9400B45A15 /* Base */,
			);
			name = Main.storyboard;
			sourceTree = "<group>";
		};
		BAE54F2A245F3A9500B45A15 /* LaunchScreen.storyboard */ = {
			isa = PBXVariantGroup;
			children = (
				BAE54F2B245F3A9500B45A15 /* Base */,
			);
			name = LaunchScreen.storyboard;
			sourceTree = "<group>";
		};
/* End PBXVariantGroup section */

/* Begin XCBuildConfiguration section */
		BAE54F2E245F3A9500B45A15 /* Debug */ = {
			isa = XCBuildConfiguration;
			buildSettings = {
				ALWAYS_SEARCH_USER_PATHS = NO;
				CLANG_ANALYZER_NONNULL = YES;
				CLANG_ANALYZER_NUMBER_OBJECT_CONVERSION = YES_AGGRESSIVE;
				CLANG_CXX_LANGUAGE_STANDARD = "gnu++14";
				CLANG_CXX_LIBRARY = "libc++";
				CLANG_ENABLE_MODULES = YES;
				CLANG_ENABLE_OBJC_ARC = YES;
				CLANG_ENABLE_OBJC_WEAK = YES;
				CLANG_WARN_BLOCK_CAPTURE_AUTORELEASING = YES;
				CLANG_WARN_BOOL_CONVERSION = YES;
				CLANG_WARN_COMMA = YES;
				CLANG_WARN_CONSTANT_CONVERSION = YES;
				CLANG_WARN_DEPRECATED_OBJC_IMPLEMENTATIONS = YES;
				CLANG_WARN_DIRECT_OBJC_ISA_USAGE = YES_ERROR;
				CLANG_WARN_DOCUMENTATION_COMMENTS = YES;
				CLANG_WARN_EMPTY_BODY = YES;
				CLANG_WARN_ENUM_CONVERSION = YES;
				CLANG_WARN_INFINITE_RECURSION = YES;
				CLANG_WARN_INT_CONVERSION = YES;
				CLANG_WARN_NON_LITERAL_NULL_CONVERSION = YES;
				CLANG_WARN_OBJC_IMPLICIT_RETAIN_SELF = YES;
				CLANG_WARN_OBJC_LITERAL_CONVERSION = YES;
				CLANG_WARN_OBJC_ROOT_CLASS = YES_ERROR;
				CLANG_WARN_RANGE_LOOP_ANALYSIS = YES;
				CLANG_WARN_STRICT_PROTOTYPES = YES;
				CLANG_WARN_SUSPICIOUS_MOVE = YES;
				CLANG_WARN_UNGUARDED_AVAILABILITY = YES_AGGRESSIVE;
				CLANG_WARN_UNREACHABLE_CODE = YES;
				CLANG_WARN__DUPLICATE_METHOD_MATCH = YES;
				COPY_PHASE_STRIP = NO;
				DEBUG_INFORMATION_FORMAT = dwarf;
				ENABLE_STRICT_OBJC_MSGSEND = YES;
				ENABLE_TESTABILITY = YES;
				GCC_C_LANGUAGE_STANDARD = gnu11;
				GCC_DYNAMIC_NO_PIC = NO;
				GCC_NO_COMMON_BLOCKS = YES;
				GCC_OPTIMIZATION_LEVEL = 0;
				GCC_PREPROCESSOR_DEFINITIONS = (
					"DEBUG=1",
					"$(inherited)",
				);
				GCC_WARN_64_TO_32_BIT_CONVERSION = YES;
				GCC_WARN_ABOUT_RETURN_TYPE = YES_ERROR;
				GCC_WARN_UNDECLARED_SELECTOR = YES;
				GCC_WARN_UNINITIALIZED_AUTOS = YES_AGGRESSIVE;
				GCC_WARN_UNUSED_FUNCTION = YES;
				GCC_WARN_UNUSED_VARIABLE = YES;
				IPHONEOS_DEPLOYMENT_TARGET = 13.2;
				MTL_ENABLE_DEBUG_INFO = INCLUDE_SOURCE;
				MTL_FAST_MATH = YES;
				ONLY_ACTIVE_ARCH = YES;
				SDKROOT = iphoneos;
				SWIFT_ACTIVE_COMPILATION_CONDITIONS = DEBUG;
				SWIFT_OPTIMIZATION_LEVEL = "-Onone";
			};
			name = Debug;
		};
		BAE54F2F245F3A9500B45A15 /* Release */ = {
			isa = XCBuildConfiguration;
			buildSettings = {
				ALWAYS_SEARCH_USER_PATHS = NO;
				CLANG_ANALYZER_NONNULL = YES;
				CLANG_ANALYZER_NUMBER_OBJECT_CONVERSION = YES_AGGRESSIVE;
				CLANG_CXX_LANGUAGE_STANDARD = "gnu++14";
				CLANG_CXX_LIBRARY = "libc++";
				CLANG_ENABLE_MODULES = YES;
				CLANG_ENABLE_OBJC_ARC = YES;
				CLANG_ENABLE_OBJC_WEAK = YES;
				CLANG_WARN_BLOCK_CAPTURE_AUTORELEASING = YES;
				CLANG_WARN_BOOL_CONVERSION = YES;
				CLANG_WARN_COMMA = YES;
				CLANG_WARN_CONSTANT_CONVERSION = YES;
				CLANG_WARN_DEPRECATED_OBJC_IMPLEMENTATIONS = YES;
				CLANG_WARN_DIRECT_OBJC_ISA_USAGE = YES_ERROR;
				CLANG_WARN_DOCUMENTATION_COMMENTS = YES;
				CLANG_WARN_EMPTY_BODY = YES;
				CLANG_WARN_ENUM_CONVERSION = YES;
				CLANG_WARN_INFINITE_RECURSION = YES;
				CLANG_WARN_INT_CONVERSION = YES;
				CLANG_WARN_NON_LITERAL_NULL_CONVERSION = YES;
				CLANG_WARN_OBJC_IMPLICIT_RETAIN_SELF = YES;
				CLANG_WARN_OBJC_LITERAL_CONVERSION = YES;
				CLANG_WARN_OBJC_ROOT_CLASS = YES_ERROR;
				CLANG_WARN_RANGE_LOOP_ANALYSIS = YES;
				CLANG_WARN_STRICT_PROTOTYPES = YES;
				CLANG_WARN_SUSPICIOUS_MOVE = YES;
				CLANG_WARN_UNGUARDED_AVAILABILITY = YES_AGGRESSIVE;
				CLANG_WARN_UNREACHABLE_CODE = YES;
				CLANG_WARN__DUPLICATE_METHOD_MATCH = YES;
				COPY_PHASE_STRIP = NO;
				DEBUG_INFORMATION_FORMAT = "dwarf-with-dsym";
				ENABLE_NS_ASSERTIONS = NO;
				ENABLE_STRICT_OBJC_MSGSEND = YES;
				GCC_C_LANGUAGE_STANDARD = gnu11;
				GCC_NO_COMMON_BLOCKS = YES;
				GCC_WARN_64_TO_32_BIT_CONVERSION = YES;
				GCC_WARN_ABOUT_RETURN_TYPE = YES_ERROR;
				GCC_WARN_UNDECLARED_SELECTOR = YES;
				GCC_WARN_UNINITIALIZED_AUTOS = YES_AGGRESSIVE;
				GCC_WARN_UNUSED_FUNCTION = YES;
				GCC_WARN_UNUSED_VARIABLE = YES;
				IPHONEOS_DEPLOYMENT_TARGET = 13.2;
				MTL_ENABLE_DEBUG_INFO = NO;
				MTL_FAST_MATH = YES;
				SDKROOT = iphoneos;
				SWIFT_COMPILATION_MODE = wholemodule;
				SWIFT_OPTIMIZATION_LEVEL = "-O";
				VALIDATE_PRODUCT = YES;
			};
			name = Release;
		};
		BAE54F31245F3A9500B45A15 /* Debug */ = {
			isa = XCBuildConfiguration;
			buildSettings = {
				ASSETCATALOG_COMPILER_APPICON_NAME = AppIcon;
				CODE_SIGN_STYLE = Automatic;
				DEVELOPMENT_TEAM = 7GU4K85X89;
				INFOPLIST_FILE = example_user_location/Info.plist;
				LD_RUNPATH_SEARCH_PATHS = (
					"$(inherited)",
					"@executable_path/Frameworks",
				);
				PRODUCT_BUNDLE_IDENTIFIER = "es.NBTech.example-user-location";
				PRODUCT_NAME = "$(TARGET_NAME)";
				SWIFT_VERSION = 5.0;
				TARGETED_DEVICE_FAMILY = "1,2";
			};
			name = Debug;
		};
		BAE54F32245F3A9500B45A15 /* Release */ = {
			isa = XCBuildConfiguration;
			buildSettings = {
				ASSETCATALOG_COMPILER_APPICON_NAME = AppIcon;
				CODE_SIGN_STYLE = Automatic;
				DEVELOPMENT_TEAM = 7GU4K85X89;
				INFOPLIST_FILE = example_user_location/Info.plist;
				LD_RUNPATH_SEARCH_PATHS = (
					"$(inherited)",
					"@executable_path/Frameworks",
				);
				PRODUCT_BUNDLE_IDENTIFIER = "es.NBTech.example-user-location";
				PRODUCT_NAME = "$(TARGET_NAME)";
				SWIFT_VERSION = 5.0;
				TARGETED_DEVICE_FAMILY = "1,2";
			};
			name = Release;
		};
/* End XCBuildConfiguration section */

/* Begin XCConfigurationList section */
		BAE54F17245F3A9400B45A15 /* Build configuration list for PBXProject "example_user_location" */ = {
			isa = XCConfigurationList;
			buildConfigurations = (
				BAE54F2E245F3A9500B45A15 /* Debug */,
				BAE54F2F245F3A9500B45A15 /* Release */,
			);
			defaultConfigurationIsVisible = 0;
			defaultConfigurationName = Release;
		};
		BAE54F30245F3A9500B45A15 /* Build configuration list for PBXNativeTarget "example_user_location" */ = {
			isa = XCConfigurationList;
			buildConfigurations = (
				BAE54F31245F3A9500B45A15 /* Debug */,
				BAE54F32245F3A9500B45A15 /* Release */,
			);
			defaultConfigurationIsVisible = 0;
			defaultConfigurationName = Release;
		};
/* End XCConfigurationList section */
	};
	rootObject = BAE54F14245F3A9400B45A15 /* Project object */;
}
